// !$*UTF8*$!
{
	archiveVersion = 1;
	classes = {
	};
	objectVersion = 56;
	objects = {

/* Begin PBXBuildFile section */
		77784EDA2BC4EDC200A44B60 /* hw4App.swift in Sources */ = {isa = PBXBuildFile; fileRef = 77784ED92BC4EDC200A44B60 /* hw4App.swift */; };
		77784EDC2BC4EDC200A44B60 /* ContentView.swift in Sources */ = {isa = PBXBuildFile; fileRef = 77784EDB2BC4EDC200A44B60 /* ContentView.swift */; };
		77784EDE2BC4EDCA00A44B60 /* Assets.xcassets in Resources */ = {isa = PBXBuildFile; fileRef = 77784EDD2BC4EDCA00A44B60 /* Assets.xcassets */; };
		77784EE12BC4EDCA00A44B60 /* Preview Assets.xcassets in Resources */ = {isa = PBXBuildFile; fileRef = 77784EE02BC4EDCA00A44B60 /* Preview Assets.xcassets */; };
		77784EEB2BC4EDCB00A44B60 /* hw4Tests.swift in Sources */ = {isa = PBXBuildFile; fileRef = 77784EEA2BC4EDCB00A44B60 /* hw4Tests.swift */; };
		77784EF52BC4EDCB00A44B60 /* hw4UITests.swift in Sources */ = {isa = PBXBuildFile; fileRef = 77784EF42BC4EDCB00A44B60 /* hw4UITests.swift */; };
		77784EF72BC4EDCB00A44B60 /* hw4UITestsLaunchTests.swift in Sources */ = {isa = PBXBuildFile; fileRef = 77784EF62BC4EDCB00A44B60 /* hw4UITestsLaunchTests.swift */; };
		77E0DD8A2BC7644200CCC916 /* Model.xcdatamodeld in Sources */ = {isa = PBXBuildFile; fileRef = 77E0DD882BC7644200CCC916 /* Model.xcdatamodeld */; };
		77EFC7912BC5D42C0082E121 /* DataModel.swift in Sources */ = {isa = PBXBuildFile; fileRef = 77EFC7902BC5D42C0082E121 /* DataModel.swift */; };
		77EFC7952BC5D9040082E121 /* APICalls.swift in Sources */ = {isa = PBXBuildFile; fileRef = 77EFC7942BC5D9040082E121 /* APICalls.swift */; };
		77EFC7972BC5F7770082E121 /* WeatherViewModel.swift in Sources */ = {isa = PBXBuildFile; fileRef = 77EFC7962BC5F7770082E121 /* WeatherViewModel.swift */; };
		77EFC7992BC625390082E121 /* HomeView.swift in Sources */ = {isa = PBXBuildFile; fileRef = 77EFC7982BC625390082E121 /* HomeView.swift */; };
		77EFC79B2BC626210082E121 /* WeatherView.swift in Sources */ = {isa = PBXBuildFile; fileRef = 77EFC79A2BC626210082E121 /* WeatherView.swift */; };
/* End PBXBuildFile section */

/* Begin PBXContainerItemProxy section */
		77784EE72BC4EDCB00A44B60 /* PBXContainerItemProxy */ = {
			isa = PBXContainerItemProxy;
			containerPortal = 77784ECE2BC4EDC200A44B60 /* Project object */;
			proxyType = 1;
			remoteGlobalIDString = 77784ED52BC4EDC200A44B60;
			remoteInfo = hw4;
		};
		77784EF12BC4EDCB00A44B60 /* PBXContainerItemProxy */ = {
			isa = PBXContainerItemProxy;
			containerPortal = 77784ECE2BC4EDC200A44B60 /* Project object */;
			proxyType = 1;
			remoteGlobalIDString = 77784ED52BC4EDC200A44B60;
			remoteInfo = hw4;
		};
/* End PBXContainerItemProxy section */

/* Begin PBXFileReference section */
		77784ED62BC4EDC200A44B60 /* hw4.app */ = {isa = PBXFileReference; explicitFileType = wrapper.application; includeInIndex = 0; path = hw4.app; sourceTree = BUILT_PRODUCTS_DIR; };
		77784ED92BC4EDC200A44B60 /* hw4App.swift */ = {isa = PBXFileReference; lastKnownFileType = sourcecode.swift; path = hw4App.swift; sourceTree = "<group>"; };
		77784EDB2BC4EDC200A44B60 /* ContentView.swift */ = {isa = PBXFileReference; lastKnownFileType = sourcecode.swift; path = ContentView.swift; sourceTree = "<group>"; };
		77784EDD2BC4EDCA00A44B60 /* Assets.xcassets */ = {isa = PBXFileReference; lastKnownFileType = folder.assetcatalog; path = Assets.xcassets; sourceTree = "<group>"; };
		77784EE02BC4EDCA00A44B60 /* Preview Assets.xcassets */ = {isa = PBXFileReference; lastKnownFileType = folder.assetcatalog; path = "Preview Assets.xcassets"; sourceTree = "<group>"; };
		77784EE62BC4EDCB00A44B60 /* hw4Tests.xctest */ = {isa = PBXFileReference; explicitFileType = wrapper.cfbundle; includeInIndex = 0; path = hw4Tests.xctest; sourceTree = BUILT_PRODUCTS_DIR; };
		77784EEA2BC4EDCB00A44B60 /* hw4Tests.swift */ = {isa = PBXFileReference; lastKnownFileType = sourcecode.swift; path = hw4Tests.swift; sourceTree = "<group>"; };
		77784EF02BC4EDCB00A44B60 /* hw4UITests.xctest */ = {isa = PBXFileReference; explicitFileType = wrapper.cfbundle; includeInIndex = 0; path = hw4UITests.xctest; sourceTree = BUILT_PRODUCTS_DIR; };
		77784EF42BC4EDCB00A44B60 /* hw4UITests.swift */ = {isa = PBXFileReference; lastKnownFileType = sourcecode.swift; path = hw4UITests.swift; sourceTree = "<group>"; };
		77784EF62BC4EDCB00A44B60 /* hw4UITestsLaunchTests.swift */ = {isa = PBXFileReference; lastKnownFileType = sourcecode.swift; path = hw4UITestsLaunchTests.swift; sourceTree = "<group>"; };
		77E0DD892BC7644200CCC916 /* Model.xcdatamodel */ = {isa = PBXFileReference; lastKnownFileType = wrapper.xcdatamodel; path = Model.xcdatamodel; sourceTree = "<group>"; };
		77EFC7902BC5D42C0082E121 /* DataModel.swift */ = {isa = PBXFileReference; lastKnownFileType = sourcecode.swift; path = DataModel.swift; sourceTree = "<group>"; };
		77EFC7942BC5D9040082E121 /* APICalls.swift */ = {isa = PBXFileReference; lastKnownFileType = sourcecode.swift; path = APICalls.swift; sourceTree = "<group>"; };
		77EFC7962BC5F7770082E121 /* WeatherViewModel.swift */ = {isa = PBXFileReference; lastKnownFileType = sourcecode.swift; path = WeatherViewModel.swift; sourceTree = "<group>"; };
		77EFC7982BC625390082E121 /* HomeView.swift */ = {isa = PBXFileReference; lastKnownFileType = sourcecode.swift; path = HomeView.swift; sourceTree = "<group>"; };
		77EFC79A2BC626210082E121 /* WeatherView.swift */ = {isa = PBXFileReference; lastKnownFileType = sourcecode.swift; path = WeatherView.swift; sourceTree = "<group>"; };
/* End PBXFileReference section */

/* Begin PBXFrameworksBuildPhase section */
		77784ED32BC4EDC200A44B60 /* Frameworks */ = {
			isa = PBXFrameworksBuildPhase;
			buildActionMask = 2147483647;
			files = (
			);
			runOnlyForDeploymentPostprocessing = 0;
		};
		77784EE32BC4EDCB00A44B60 /* Frameworks */ = {
			isa = PBXFrameworksBuildPhase;
			buildActionMask = 2147483647;
			files = (
			);
			runOnlyForDeploymentPostprocessing = 0;
		};
		77784EED2BC4EDCB00A44B60 /* Frameworks */ = {
			isa = PBXFrameworksBuildPhase;
			buildActionMask = 2147483647;
			files = (
			);
			runOnlyForDeploymentPostprocessing = 0;
		};
/* End PBXFrameworksBuildPhase section */

/* Begin PBXGroup section */
		77738D2D2BC4EEA4003D2DFD /* View */ = {
			isa = PBXGroup;
			children = (
				77EFC7982BC625390082E121 /* HomeView.swift */,
				77EFC79A2BC626210082E121 /* WeatherView.swift */,
			);
			path = View;
			sourceTree = "<group>";
		};
		77738D2E2BC4EEAB003D2DFD /* Model */ = {
			isa = PBXGroup;
			children = (
				77EFC7902BC5D42C0082E121 /* DataModel.swift */,
				77E0DD882BC7644200CCC916 /* Model.xcdatamodeld */,
			);
			path = Model;
			sourceTree = "<group>";
		};
		77784ECD2BC4EDC200A44B60 = {
			isa = PBXGroup;
			children = (
				77784ED82BC4EDC200A44B60 /* hw4 */,
				77784EE92BC4EDCB00A44B60 /* hw4Tests */,
				77784EF32BC4EDCB00A44B60 /* hw4UITests */,
				77784ED72BC4EDC200A44B60 /* Products */,
			);
			sourceTree = "<group>";
		};
		77784ED72BC4EDC200A44B60 /* Products */ = {
			isa = PBXGroup;
			children = (
				77784ED62BC4EDC200A44B60 /* hw4.app */,
				77784EE62BC4EDCB00A44B60 /* hw4Tests.xctest */,
				77784EF02BC4EDCB00A44B60 /* hw4UITests.xctest */,
			);
			name = Products;
			sourceTree = "<group>";
		};
		77784ED82BC4EDC200A44B60 /* hw4 */ = {
			isa = PBXGroup;
			children = (
				77738D2E2BC4EEAB003D2DFD /* Model */,
				77738D2D2BC4EEA4003D2DFD /* View */,
				77784F032BC4EDDD00A44B60 /* ViewModel */,
				77784ED92BC4EDC200A44B60 /* hw4App.swift */,
				77784EDB2BC4EDC200A44B60 /* ContentView.swift */,
				77784EDD2BC4EDCA00A44B60 /* Assets.xcassets */,
				77784EDF2BC4EDCA00A44B60 /* Preview Content */,
			);
			path = hw4;
			sourceTree = "<group>";
		};
		77784EDF2BC4EDCA00A44B60 /* Preview Content */ = {
			isa = PBXGroup;
			children = (
				77784EE02BC4EDCA00A44B60 /* Preview Assets.xcassets */,
			);
			path = "Preview Content";
			sourceTree = "<group>";
		};
		77784EE92BC4EDCB00A44B60 /* hw4Tests */ = {
			isa = PBXGroup;
			children = (
				77784EEA2BC4EDCB00A44B60 /* hw4Tests.swift */,
			);
			path = hw4Tests;
			sourceTree = "<group>";
		};
		77784EF32BC4EDCB00A44B60 /* hw4UITests */ = {
			isa = PBXGroup;
			children = (
				77784EF42BC4EDCB00A44B60 /* hw4UITests.swift */,
				77784EF62BC4EDCB00A44B60 /* hw4UITestsLaunchTests.swift */,
			);
			path = hw4UITests;
			sourceTree = "<group>";
		};
		77784F032BC4EDDD00A44B60 /* ViewModel */ = {
			isa = PBXGroup;
			children = (
				77EFC7942BC5D9040082E121 /* APICalls.swift */,
				77EFC7962BC5F7770082E121 /* WeatherViewModel.swift */,
			);
			path = ViewModel;
			sourceTree = "<group>";
		};
/* End PBXGroup section */

/* Begin PBXNativeTarget section */
		77784ED52BC4EDC200A44B60 /* hw4 */ = {
			isa = PBXNativeTarget;
			buildConfigurationList = 77784EFA2BC4EDCB00A44B60 /* Build configuration list for PBXNativeTarget "hw4" */;
			buildPhases = (
				77784ED22BC4EDC200A44B60 /* Sources */,
				77784ED32BC4EDC200A44B60 /* Frameworks */,
				77784ED42BC4EDC200A44B60 /* Resources */,
			);
			buildRules = (
			);
			dependencies = (
			);
			name = hw4;
			productName = hw4;
			productReference = 77784ED62BC4EDC200A44B60 /* hw4.app */;
			productType = "com.apple.product-type.application";
		};
		77784EE52BC4EDCB00A44B60 /* hw4Tests */ = {
			isa = PBXNativeTarget;
			buildConfigurationList = 77784EFD2BC4EDCB00A44B60 /* Build configuration list for PBXNativeTarget "hw4Tests" */;
			buildPhases = (
				77784EE22BC4EDCB00A44B60 /* Sources */,
				77784EE32BC4EDCB00A44B60 /* Frameworks */,
				77784EE42BC4EDCB00A44B60 /* Resources */,
			);
			buildRules = (
			);
			dependencies = (
				77784EE82BC4EDCB00A44B60 /* PBXTargetDependency */,
			);
			name = hw4Tests;
			productName = hw4Tests;
			productReference = 77784EE62BC4EDCB00A44B60 /* hw4Tests.xctest */;
			productType = "com.apple.product-type.bundle.unit-test";
		};
		77784EEF2BC4EDCB00A44B60 /* hw4UITests */ = {
			isa = PBXNativeTarget;
			buildConfigurationList = 77784F002BC4EDCB00A44B60 /* Build configuration list for PBXNativeTarget "hw4UITests" */;
			buildPhases = (
				77784EEC2BC4EDCB00A44B60 /* Sources */,
				77784EED2BC4EDCB00A44B60 /* Frameworks */,
				77784EEE2BC4EDCB00A44B60 /* Resources */,
			);
			buildRules = (
			);
			dependencies = (
				77784EF22BC4EDCB00A44B60 /* PBXTargetDependency */,
			);
			name = hw4UITests;
			productName = hw4UITests;
			productReference = 77784EF02BC4EDCB00A44B60 /* hw4UITests.xctest */;
			productType = "com.apple.product-type.bundle.ui-testing";
		};
/* End PBXNativeTarget section */

/* Begin PBXProject section */
		77784ECE2BC4EDC200A44B60 /* Project object */ = {
			isa = PBXProject;
			attributes = {
				BuildIndependentTargetsInParallel = 1;
				LastSwiftUpdateCheck = 1520;
				LastUpgradeCheck = 1520;
				TargetAttributes = {
					77784ED52BC4EDC200A44B60 = {
						CreatedOnToolsVersion = 15.2;
					};
					77784EE52BC4EDCB00A44B60 = {
						CreatedOnToolsVersion = 15.2;
						TestTargetID = 77784ED52BC4EDC200A44B60;
					};
					77784EEF2BC4EDCB00A44B60 = {
						CreatedOnToolsVersion = 15.2;
						TestTargetID = 77784ED52BC4EDC200A44B60;
					};
				};
			};
			buildConfigurationList = 77784ED12BC4EDC200A44B60 /* Build configuration list for PBXProject "hw4" */;
			compatibilityVersion = "Xcode 14.0";
			developmentRegion = en;
			hasScannedForEncodings = 0;
			knownRegions = (
				en,
				Base,
			);
			mainGroup = 77784ECD2BC4EDC200A44B60;
			productRefGroup = 77784ED72BC4EDC200A44B60 /* Products */;
			projectDirPath = "";
			projectRoot = "";
			targets = (
				77784ED52BC4EDC200A44B60 /* hw4 */,
				77784EE52BC4EDCB00A44B60 /* hw4Tests */,
				77784EEF2BC4EDCB00A44B60 /* hw4UITests */,
			);
		};
/* End PBXProject section */

/* Begin PBXResourcesBuildPhase section */
		77784ED42BC4EDC200A44B60 /* Resources */ = {
			isa = PBXResourcesBuildPhase;
			buildActionMask = 2147483647;
			files = (
				77784EE12BC4EDCA00A44B60 /* Preview Assets.xcassets in Resources */,
				77784EDE2BC4EDCA00A44B60 /* Assets.xcassets in Resources */,
			);
			runOnlyForDeploymentPostprocessing = 0;
		};
		77784EE42BC4EDCB00A44B60 /* Resources */ = {
			isa = PBXResourcesBuildPhase;
			buildActionMask = 2147483647;
			files = (
			);
			runOnlyForDeploymentPostprocessing = 0;
		};
		77784EEE2BC4EDCB00A44B60 /* Resources */ = {
			isa = PBXResourcesBuildPhase;
			buildActionMask = 2147483647;
			files = (
			);
			runOnlyForDeploymentPostprocessing = 0;
		};
/* End PBXResourcesBuildPhase section */

/* Begin PBXSourcesBuildPhase section */
		77784ED22BC4EDC200A44B60 /* Sources */ = {
			isa = PBXSourcesBuildPhase;
			buildActionMask = 2147483647;
			files = (
				77EFC7972BC5F7770082E121 /* WeatherViewModel.swift in Sources */,
				77784EDC2BC4EDC200A44B60 /* ContentView.swift in Sources */,
				77784EDA2BC4EDC200A44B60 /* hw4App.swift in Sources */,
				77E0DD8A2BC7644200CCC916 /* Model.xcdatamodeld in Sources */,
				77EFC7992BC625390082E121 /* HomeView.swift in Sources */,
				77EFC7952BC5D9040082E121 /* APICalls.swift in Sources */,
				77EFC79B2BC626210082E121 /* WeatherView.swift in Sources */,
				77EFC7912BC5D42C0082E121 /* DataModel.swift in Sources */,
			);
			runOnlyForDeploymentPostprocessing = 0;
		};
		77784EE22BC4EDCB00A44B60 /* Sources */ = {
			isa = PBXSourcesBuildPhase;
			buildActionMask = 2147483647;
			files = (
				77784EEB2BC4EDCB00A44B60 /* hw4Tests.swift in Sources */,
			);
			runOnlyForDeploymentPostprocessing = 0;
		};
		77784EEC2BC4EDCB00A44B60 /* Sources */ = {
			isa = PBXSourcesBuildPhase;
			buildActionMask = 2147483647;
			files = (
				77784EF72BC4EDCB00A44B60 /* hw4UITestsLaunchTests.swift in Sources */,
				77784EF52BC4EDCB00A44B60 /* hw4UITests.swift in Sources */,
			);
			runOnlyForDeploymentPostprocessing = 0;
		};
/* End PBXSourcesBuildPhase section */

/* Begin PBXTargetDependency section */
		77784EE82BC4EDCB00A44B60 /* PBXTargetDependency */ = {
			isa = PBXTargetDependency;
			target = 77784ED52BC4EDC200A44B60 /* hw4 */;
			targetProxy = 77784EE72BC4EDCB00A44B60 /* PBXContainerItemProxy */;
		};
		77784EF22BC4EDCB00A44B60 /* PBXTargetDependency */ = {
			isa = PBXTargetDependency;
			target = 77784ED52BC4EDC200A44B60 /* hw4 */;
			targetProxy = 77784EF12BC4EDCB00A44B60 /* PBXContainerItemProxy */;
		};
/* End PBXTargetDependency section */

/* Begin XCBuildConfiguration section */
		77784EF82BC4EDCB00A44B60 /* Debug */ = {
			isa = XCBuildConfiguration;
			buildSettings = {
				ALWAYS_SEARCH_USER_PATHS = NO;
				ASSETCATALOG_COMPILER_GENERATE_SWIFT_ASSET_SYMBOL_EXTENSIONS = YES;
				CLANG_ANALYZER_NONNULL = YES;
				CLANG_ANALYZER_NUMBER_OBJECT_CONVERSION = YES_AGGRESSIVE;
				CLANG_CXX_LANGUAGE_STANDARD = "gnu++20";
				CLANG_ENABLE_MODULES = YES;
				CLANG_ENABLE_OBJC_ARC = YES;
				CLANG_ENABLE_OBJC_WEAK = YES;
				CLANG_WARN_BLOCK_CAPTURE_AUTORELEASING = YES;
				CLANG_WARN_BOOL_CONVERSION = YES;
				CLANG_WARN_COMMA = YES;
				CLANG_WARN_CONSTANT_CONVERSION = YES;
				CLANG_WARN_DEPRECATED_OBJC_IMPLEMENTATIONS = YES;
				CLANG_WARN_DIRECT_OBJC_ISA_USAGE = YES_ERROR;
				CLANG_WARN_DOCUMENTATION_COMMENTS = YES;
				CLANG_WARN_EMPTY_BODY = YES;
				CLANG_WARN_ENUM_CONVERSION = YES;
				CLANG_WARN_INFINITE_RECURSION = YES;
				CLANG_WARN_INT_CONVERSION = YES;
				CLANG_WARN_NON_LITERAL_NULL_CONVERSION = YES;
				CLANG_WARN_OBJC_IMPLICIT_RETAIN_SELF = YES;
				CLANG_WARN_OBJC_LITERAL_CONVERSION = YES;
				CLANG_WARN_OBJC_ROOT_CLASS = YES_ERROR;
				CLANG_WARN_QUOTED_INCLUDE_IN_FRAMEWORK_HEADER = YES;
				CLANG_WARN_RANGE_LOOP_ANALYSIS = YES;
				CLANG_WARN_STRICT_PROTOTYPES = YES;
				CLANG_WARN_SUSPICIOUS_MOVE = YES;
				CLANG_WARN_UNGUARDED_AVAILABILITY = YES_AGGRESSIVE;
				CLANG_WARN_UNREACHABLE_CODE = YES;
				CLANG_WARN__DUPLICATE_METHOD_MATCH = YES;
				COPY_PHASE_STRIP = NO;
				DEBUG_INFORMATION_FORMAT = dwarf;
				ENABLE_STRICT_OBJC_MSGSEND = YES;
				ENABLE_TESTABILITY = YES;
				ENABLE_USER_SCRIPT_SANDBOXING = YES;
				GCC_C_LANGUAGE_STANDARD = gnu17;
				GCC_DYNAMIC_NO_PIC = NO;
				GCC_NO_COMMON_BLOCKS = YES;
				GCC_OPTIMIZATION_LEVEL = 0;
				GCC_PREPROCESSOR_DEFINITIONS = (
					"DEBUG=1",
					"$(inherited)",
				);
				GCC_WARN_64_TO_32_BIT_CONVERSION = YES;
				GCC_WARN_ABOUT_RETURN_TYPE = YES_ERROR;
				GCC_WARN_UNDECLARED_SELECTOR = YES;
				GCC_WARN_UNINITIALIZED_AUTOS = YES_AGGRESSIVE;
				GCC_WARN_UNUSED_FUNCTION = YES;
				GCC_WARN_UNUSED_VARIABLE = YES;
				IPHONEOS_DEPLOYMENT_TARGET = 17.2;
				LOCALIZATION_PREFERS_STRING_CATALOGS = YES;
				MTL_ENABLE_DEBUG_INFO = INCLUDE_SOURCE;
				MTL_FAST_MATH = YES;
				ONLY_ACTIVE_ARCH = YES;
				SDKROOT = iphoneos;
				SWIFT_ACTIVE_COMPILATION_CONDITIONS = "DEBUG $(inherited)";
				SWIFT_OPTIMIZATION_LEVEL = "-Onone";
			};
			name = Debug;
		};
		77784EF92BC4EDCB00A44B60 /* Release */ = {
			isa = XCBuildConfiguration;
			buildSettings = {
				ALWAYS_SEARCH_USER_PATHS = NO;
				ASSETCATALOG_COMPILER_GENERATE_SWIFT_ASSET_SYMBOL_EXTENSIONS = YES;
				CLANG_ANALYZER_NONNULL = YES;
				CLANG_ANALYZER_NUMBER_OBJECT_CONVERSION = YES_AGGRESSIVE;
				CLANG_CXX_LANGUAGE_STANDARD = "gnu++20";
				CLANG_ENABLE_MODULES = YES;
				CLANG_ENABLE_OBJC_ARC = YES;
				CLANG_ENABLE_OBJC_WEAK = YES;
				CLANG_WARN_BLOCK_CAPTURE_AUTORELEASING = YES;
				CLANG_WARN_BOOL_CONVERSION = YES;
				CLANG_WARN_COMMA = YES;
				CLANG_WARN_CONSTANT_CONVERSION = YES;
				CLANG_WARN_DEPRECATED_OBJC_IMPLEMENTATIONS = YES;
				CLANG_WARN_DIRECT_OBJC_ISA_USAGE = YES_ERROR;
				CLANG_WARN_DOCUMENTATION_COMMENTS = YES;
				CLANG_WARN_EMPTY_BODY = YES;
				CLANG_WARN_ENUM_CONVERSION = YES;
				CLANG_WARN_INFINITE_RECURSION = YES;
				CLANG_WARN_INT_CONVERSION = YES;
				CLANG_WARN_NON_LITERAL_NULL_CONVERSION = YES;
				CLANG_WARN_OBJC_IMPLICIT_RETAIN_SELF = YES;
				CLANG_WARN_OBJC_LITERAL_CONVERSION = YES;
				CLANG_WARN_OBJC_ROOT_CLASS = YES_ERROR;
				CLANG_WARN_QUOTED_INCLUDE_IN_FRAMEWORK_HEADER = YES;
				CLANG_WARN_RANGE_LOOP_ANALYSIS = YES;
				CLANG_WARN_STRICT_PROTOTYPES = YES;
				CLANG_WARN_SUSPICIOUS_MOVE = YES;
				CLANG_WARN_UNGUARDED_AVAILABILITY = YES_AGGRESSIVE;
				CLANG_WARN_UNREACHABLE_CODE = YES;
				CLANG_WARN__DUPLICATE_METHOD_MATCH = YES;
				COPY_PHASE_STRIP = NO;
				DEBUG_INFORMATION_FORMAT = "dwarf-with-dsym";
				ENABLE_NS_ASSERTIONS = NO;
				ENABLE_STRICT_OBJC_MSGSEND = YES;
				ENABLE_USER_SCRIPT_SANDBOXING = YES;
				GCC_C_LANGUAGE_STANDARD = gnu17;
				GCC_NO_COMMON_BLOCKS = YES;
				GCC_WARN_64_TO_32_BIT_CONVERSION = YES;
				GCC_WARN_ABOUT_RETURN_TYPE = YES_ERROR;
				GCC_WARN_UNDECLARED_SELECTOR = YES;
				GCC_WARN_UNINITIALIZED_AUTOS = YES_AGGRESSIVE;
				GCC_WARN_UNUSED_FUNCTION = YES;
				GCC_WARN_UNUSED_VARIABLE = YES;
				IPHONEOS_DEPLOYMENT_TARGET = 17.2;
				LOCALIZATION_PREFERS_STRING_CATALOGS = YES;
				MTL_ENABLE_DEBUG_INFO = NO;
				MTL_FAST_MATH = YES;
				SDKROOT = iphoneos;
				SWIFT_COMPILATION_MODE = wholemodule;
				VALIDATE_PRODUCT = YES;
			};
			name = Release;
		};
		77784EFB2BC4EDCB00A44B60 /* Debug */ = {
			isa = XCBuildConfiguration;
			buildSettings = {
				ASSETCATALOG_COMPILER_APPICON_NAME = AppIcon;
				ASSETCATALOG_COMPILER_GLOBAL_ACCENT_COLOR_NAME = AccentColor;
				CODE_SIGN_STYLE = Automatic;
				CURRENT_PROJECT_VERSION = 1;
				DEVELOPMENT_ASSET_PATHS = "\"hw4/Preview Content\"";
				DEVELOPMENT_TEAM = W5WXVSLFL3;
				ENABLE_PREVIEWS = YES;
				GENERATE_INFOPLIST_FILE = YES;
				INFOPLIST_KEY_UIApplicationSceneManifest_Generation = YES;
				INFOPLIST_KEY_UIApplicationSupportsIndirectInputEvents = YES;
				INFOPLIST_KEY_UILaunchScreen_Generation = YES;
				INFOPLIST_KEY_UISupportedInterfaceOrientations_iPad = "UIInterfaceOrientationPortrait UIInterfaceOrientationPortraitUpsideDown UIInterfaceOrientationLandscapeLeft UIInterfaceOrientationLandscapeRight";
				INFOPLIST_KEY_UISupportedInterfaceOrientations_iPhone = "UIInterfaceOrientationPortrait UIInterfaceOrientationLandscapeLeft UIInterfaceOrientationLandscapeRight";
				LD_RUNPATH_SEARCH_PATHS = (
					"$(inherited)",
					"@executable_path/Frameworks",
				);
				MARKETING_VERSION = 1.0;
				PRODUCT_BUNDLE_IDENTIFIER = cis1951.hw4;
				PRODUCT_NAME = "$(TARGET_NAME)";
				SWIFT_EMIT_LOC_STRINGS = YES;
				SWIFT_VERSION = 5.0;
				TARGETED_DEVICE_FAMILY = "1,2";
			};
			name = Debug;
		};
		77784EFC2BC4EDCB00A44B60 /* Release */ = {
			isa = XCBuildConfiguration;
			buildSettings = {
				ASSETCATALOG_COMPILER_APPICON_NAME = AppIcon;
				ASSETCATALOG_COMPILER_GLOBAL_ACCENT_COLOR_NAME = AccentColor;
				CODE_SIGN_STYLE = Automatic;
				CURRENT_PROJECT_VERSION = 1;
				DEVELOPMENT_ASSET_PATHS = "\"hw4/Preview Content\"";
				DEVELOPMENT_TEAM = W5WXVSLFL3;
				ENABLE_PREVIEWS = YES;
				GENERATE_INFOPLIST_FILE = YES;
				INFOPLIST_KEY_UIApplicationSceneManifest_Generation = YES;
				INFOPLIST_KEY_UIApplicationSupportsIndirectInputEvents = YES;
				INFOPLIST_KEY_UILaunchScreen_Generation = YES;
				INFOPLIST_KEY_UISupportedInterfaceOrientations_iPad = "UIInterfaceOrientationPortrait UIInterfaceOrientationPortraitUpsideDown UIInterfaceOrientationLandscapeLeft UIInterfaceOrientationLandscapeRight";
				INFOPLIST_KEY_UISupportedInterfaceOrientations_iPhone = "UIInterfaceOrientationPortrait UIInterfaceOrientationLandscapeLeft UIInterfaceOrientationLandscapeRight";
				LD_RUNPATH_SEARCH_PATHS = (
					"$(inherited)",
					"@executable_path/Frameworks",
				);
				MARKETING_VERSION = 1.0;
				PRODUCT_BUNDLE_IDENTIFIER = cis1951.hw4;
				PRODUCT_NAME = "$(TARGET_NAME)";
				SWIFT_EMIT_LOC_STRINGS = YES;
				SWIFT_VERSION = 5.0;
				TARGETED_DEVICE_FAMILY = "1,2";
			};
			name = Release;
		};
		77784EFE2BC4EDCB00A44B60 /* Debug */ = {
			isa = XCBuildConfiguration;
			buildSettings = {
				ALWAYS_EMBED_SWIFT_STANDARD_LIBRARIES = YES;
				BUNDLE_LOADER = "$(TEST_HOST)";
				CODE_SIGN_STYLE = Automatic;
				CURRENT_PROJECT_VERSION = 1;
				GENERATE_INFOPLIST_FILE = YES;
				IPHONEOS_DEPLOYMENT_TARGET = 17.2;
				MARKETING_VERSION = 1.0;
				PRODUCT_BUNDLE_IDENTIFIER = cis1951.hw4Tests;
				PRODUCT_NAME = "$(TARGET_NAME)";
				SWIFT_EMIT_LOC_STRINGS = NO;
				SWIFT_VERSION = 5.0;
				TARGETED_DEVICE_FAMILY = "1,2";
				TEST_HOST = "$(BUILT_PRODUCTS_DIR)/hw4.app/$(BUNDLE_EXECUTABLE_FOLDER_PATH)/hw4";
			};
			name = Debug;
		};
		77784EFF2BC4EDCB00A44B60 /* Release */ = {
			isa = XCBuildConfiguration;
			buildSettings = {
				ALWAYS_EMBED_SWIFT_STANDARD_LIBRARIES = YES;
				BUNDLE_LOADER = "$(TEST_HOST)";
				CODE_SIGN_STYLE = Automatic;
				CURRENT_PROJECT_VERSION = 1;
				GENERATE_INFOPLIST_FILE = YES;
				IPHONEOS_DEPLOYMENT_TARGET = 17.2;
				MARKETING_VERSION = 1.0;
				PRODUCT_BUNDLE_IDENTIFIER = cis1951.hw4Tests;
				PRODUCT_NAME = "$(TARGET_NAME)";
				SWIFT_EMIT_LOC_STRINGS = NO;
				SWIFT_VERSION = 5.0;
				TARGETED_DEVICE_FAMILY = "1,2";
				TEST_HOST = "$(BUILT_PRODUCTS_DIR)/hw4.app/$(BUNDLE_EXECUTABLE_FOLDER_PATH)/hw4";
			};
			name = Release;
		};
		77784F012BC4EDCB00A44B60 /* Debug */ = {
			isa = XCBuildConfiguration;
			buildSettings = {
				ALWAYS_EMBED_SWIFT_STANDARD_LIBRARIES = YES;
				CODE_SIGN_STYLE = Automatic;
				CURRENT_PROJECT_VERSION = 1;
				GENERATE_INFOPLIST_FILE = YES;
				MARKETING_VERSION = 1.0;
				PRODUCT_BUNDLE_IDENTIFIER = cis1951.hw4UITests;
				PRODUCT_NAME = "$(TARGET_NAME)";
				SWIFT_EMIT_LOC_STRINGS = NO;
				SWIFT_VERSION = 5.0;
				TARGETED_DEVICE_FAMILY = "1,2";
				TEST_TARGET_NAME = hw4;
			};
			name = Debug;
		};
		77784F022BC4EDCB00A44B60 /* Release */ = {
			isa = XCBuildConfiguration;
			buildSettings = {
				ALWAYS_EMBED_SWIFT_STANDARD_LIBRARIES = YES;
				CODE_SIGN_STYLE = Automatic;
				CURRENT_PROJECT_VERSION = 1;
				GENERATE_INFOPLIST_FILE = YES;
				MARKETING_VERSION = 1.0;
				PRODUCT_BUNDLE_IDENTIFIER = cis1951.hw4UITests;
				PRODUCT_NAME = "$(TARGET_NAME)";
				SWIFT_EMIT_LOC_STRINGS = NO;
				SWIFT_VERSION = 5.0;
				TARGETED_DEVICE_FAMILY = "1,2";
				TEST_TARGET_NAME = hw4;
			};
			name = Release;
		};
/* End XCBuildConfiguration section */

/* Begin XCConfigurationList section */
		77784ED12BC4EDC200A44B60 /* Build configuration list for PBXProject "hw4" */ = {
			isa = XCConfigurationList;
			buildConfigurations = (
				77784EF82BC4EDCB00A44B60 /* Debug */,
				77784EF92BC4EDCB00A44B60 /* Release */,
			);
			defaultConfigurationIsVisible = 0;
			defaultConfigurationName = Release;
		};
		77784EFA2BC4EDCB00A44B60 /* Build configuration list for PBXNativeTarget "hw4" */ = {
			isa = XCConfigurationList;
			buildConfigurations = (
				77784EFB2BC4EDCB00A44B60 /* Debug */,
				77784EFC2BC4EDCB00A44B60 /* Release */,
			);
			defaultConfigurationIsVisible = 0;
			defaultConfigurationName = Release;
		};
		77784EFD2BC4EDCB00A44B60 /* Build configuration list for PBXNativeTarget "hw4Tests" */ = {
			isa = XCConfigurationList;
			buildConfigurations = (
				77784EFE2BC4EDCB00A44B60 /* Debug */,
				77784EFF2BC4EDCB00A44B60 /* Release */,
			);
			defaultConfigurationIsVisible = 0;
			defaultConfigurationName = Release;
		};
		77784F002BC4EDCB00A44B60 /* Build configuration list for PBXNativeTarget "hw4UITests" */ = {
			isa = XCConfigurationList;
			buildConfigurations = (
				77784F012BC4EDCB00A44B60 /* Debug */,
				77784F022BC4EDCB00A44B60 /* Release */,
			);
			defaultConfigurationIsVisible = 0;
			defaultConfigurationName = Release;
		};
/* End XCConfigurationList section */

/* Begin XCVersionGroup section */
		77E0DD882BC7644200CCC916 /* Model.xcdatamodeld */ = {
			isa = XCVersionGroup;
			children = (
				77E0DD892BC7644200CCC916 /* Model.xcdatamodel */,
			);
			currentVersion = 77E0DD892BC7644200CCC916 /* Model.xcdatamodel */;
			path = Model.xcdatamodeld;
			sourceTree = "<group>";
			versionGroupType = wrapper.xcdatamodel;
		};
/* End XCVersionGroup section */
	};
	rootObject = 77784ECE2BC4EDC200A44B60 /* Project object */;
}
